
Microsoft Visual Studio Solution File, Format Version 12.00
# Visual Studio Version 17
VisualStudioVersion = 17.12.35527.113
MinimumVisualStudioVersion = 10.0.40219.1
Project("{FAE04EC0-301F-11D3-BF4B-00C04F79EFBC}") = "CinemaManager.API", "Source\CinemaManager.API\CinemaManager.API.csproj", "{A427804D-A4F4-4D49-8FD5-B9DDDFF54967}"
EndProject
Project("{FAE04EC0-301F-11D3-BF4B-00C04F79EFBC}") = "CinemaManager.Application", "Source\CinemaManager.Application\CinemaManager.Application.csproj", "{E7547B9F-9793-4C55-8BA4-B58CE8749BDF}"
EndProject
Project("{FAE04EC0-301F-11D3-BF4B-00C04F79EFBC}") = "CinemaManger.Contracts", "Source\CinemaManger.Contracts\CinemaManger.Contracts.csproj", "{0446219C-3CF8-4F25-BA75-FF1655A24F06}"
EndProject
Project("{FAE04EC0-301F-11D3-BF4B-00C04F79EFBC}") = "CinemaManager.Domain", "Source\CinemaManager.Domain\CinemaManager.Domain.csproj", "{0B5521D2-09E1-43FA-A22A-811796333DF9}"
EndProject
Project("{FAE04EC0-301F-11D3-BF4B-00C04F79EFBC}") = "CinemaManager.Infrastructure", "Source\CinemaManager.Infrastructure\CinemaManager.Infrastructure.csproj", "{7B914BB4-DFB1-41C0-8D69-A3428AB95F5F}"
EndProject
Project("{2150E333-8FDC-42A3-9474-1A3956D46DE8}") = "Source", "Source", "{F25AD135-ED72-4A0C-A06B-A97677FBDD25}"
EndProject
Global
	GlobalSection(SolutionConfigurationPlatforms) = preSolution
		Debug|Any CPU = Debug|Any CPU
		Release|Any CPU = Release|Any CPU
	EndGlobalSection
	GlobalSection(ProjectConfigurationPlatforms) = postSolution
		{A427804D-A4F4-4D49-8FD5-B9DDDFF54967}.Debug|Any CPU.ActiveCfg = Debug|Any CPU
		{A427804D-A4F4-4D49-8FD5-B9DDDFF54967}.Debug|Any CPU.Build.0 = Debug|Any CPU
		{A427804D-A4F4-4D49-8FD5-B9DDDFF54967}.Release|Any CPU.ActiveCfg = Release|Any CPU
		{A427804D-A4F4-4D49-8FD5-B9DDDFF54967}.Release|Any CPU.Build.0 = Release|Any CPU
		{E7547B9F-9793-4C55-8BA4-B58CE8749BDF}.Debug|Any CPU.ActiveCfg = Debug|Any CPU
		{E7547B9F-9793-4C55-8BA4-B58CE8749BDF}.Debug|Any CPU.Build.0 = Debug|Any CPU
		{E7547B9F-9793-4C55-8BA4-B58CE8749BDF}.Release|Any CPU.ActiveCfg = Release|Any CPU
		{E7547B9F-9793-4C55-8BA4-B58CE8749BDF}.Release|Any CPU.Build.0 = Release|Any CPU
		{0446219C-3CF8-4F25-BA75-FF1655A24F06}.Debug|Any CPU.ActiveCfg = Debug|Any CPU
		{0446219C-3CF8-4F25-BA75-FF1655A24F06}.Debug|Any CPU.Build.0 = Debug|Any CPU
		{0446219C-3CF8-4F25-BA75-FF1655A24F06}.Release|Any CPU.ActiveCfg = Release|Any CPU
		{0446219C-3CF8-4F25-BA75-FF1655A24F06}.Release|Any CPU.Build.0 = Release|Any CPU
		{0B5521D2-09E1-43FA-A22A-811796333DF9}.Debug|Any CPU.ActiveCfg = Debug|Any CPU
		{0B5521D2-09E1-43FA-A22A-811796333DF9}.Debug|Any CPU.Build.0 = Debug|Any CPU
		{0B5521D2-09E1-43FA-A22A-811796333DF9}.Release|Any CPU.ActiveCfg = Release|Any CPU
		{0B5521D2-09E1-43FA-A22A-811796333DF9}.Release|Any CPU.Build.0 = Release|Any CPU
		{7B914BB4-DFB1-41C0-8D69-A3428AB95F5F}.Debug|Any CPU.ActiveCfg = Debug|Any CPU
		{7B914BB4-DFB1-41C0-8D69-A3428AB95F5F}.Debug|Any CPU.Build.0 = Debug|Any CPU
		{7B914BB4-DFB1-41C0-8D69-A3428AB95F5F}.Release|Any CPU.ActiveCfg = Release|Any CPU
		{7B914BB4-DFB1-41C0-8D69-A3428AB95F5F}.Release|Any CPU.Build.0 = Release|Any CPU
	EndGlobalSection
	GlobalSection(SolutionProperties) = preSolution
		HideSolutionNode = FALSE
	EndGlobalSection
	GlobalSection(NestedProjects) = preSolution
		{A427804D-A4F4-4D49-8FD5-B9DDDFF54967} = {F25AD135-ED72-4A0C-A06B-A97677FBDD25}
		{E7547B9F-9793-4C55-8BA4-B58CE8749BDF} = {F25AD135-ED72-4A0C-A06B-A97677FBDD25}
		{0446219C-3CF8-4F25-BA75-FF1655A24F06} = {F25AD135-ED72-4A0C-A06B-A97677FBDD25}
		{0B5521D2-09E1-43FA-A22A-811796333DF9} = {F25AD135-ED72-4A0C-A06B-A97677FBDD25}
		{7B914BB4-DFB1-41C0-8D69-A3428AB95F5F} = {F25AD135-ED72-4A0C-A06B-A97677FBDD25}
	EndGlobalSection
EndGlobal
