
Microsoft Visual Studio Solution File, Format Version 12.00
# Visual Studio Version 17
VisualStudioVersion = 17.12.35527.113
MinimumVisualStudioVersion = 10.0.40219.1
Project("{FAE04EC0-301F-11D3-BF4B-00C04F79EFBC}") = "Cinema.PublicAPI", "Cinema.PublicAPI\Cinema.PublicAPI.csproj", "{D5F0629F-6CDF-4231-991C-005DAE136BE9}"
EndProject
Project("{FAE04EC0-301F-11D3-BF4B-00C04F79EFBC}") = "Cinema.Infrastructure", "Cinema.Infrastructure\Cinema.Infrastructure.csproj", "{83809578-B01B-4AF4-A4CF-4529FE496C81}"
EndProject
Project("{FAE04EC0-301F-11D3-BF4B-00C04F79EFBC}") = "Cinema.Domain", "Cinema.Domain\Cinema.Domain.csproj", "{955715BA-D6FD-4907-93FE-79D827DDE499}"
EndProject
Global
	GlobalSection(SolutionConfigurationPlatforms) = preSolution
		Debug|Any CPU = Debug|Any CPU
		Release|Any CPU = Release|Any CPU
	EndGlobalSection
	GlobalSection(ProjectConfigurationPlatforms) = postSolution
		{D5F0629F-6CDF-4231-991C-005DAE136BE9}.Debug|Any CPU.ActiveCfg = Debug|Any CPU
		{D5F0629F-6CDF-4231-991C-005DAE136BE9}.Debug|Any CPU.Build.0 = Debug|Any CPU
		{D5F0629F-6CDF-4231-991C-005DAE136BE9}.Release|Any CPU.ActiveCfg = Release|Any CPU
		{D5F0629F-6CDF-4231-991C-005DAE136BE9}.Release|Any CPU.Build.0 = Release|Any CPU
		{83809578-B01B-4AF4-A4CF-4529FE496C81}.Debug|Any CPU.ActiveCfg = Debug|Any CPU
		{83809578-B01B-4AF4-A4CF-4529FE496C81}.Debug|Any CPU.Build.0 = Debug|Any CPU
		{83809578-B01B-4AF4-A4CF-4529FE496C81}.Release|Any CPU.ActiveCfg = Release|Any CPU
		{83809578-B01B-4AF4-A4CF-4529FE496C81}.Release|Any CPU.Build.0 = Release|Any CPU
		{955715BA-D6FD-4907-93FE-79D827DDE499}.Debug|Any CPU.ActiveCfg = Debug|Any CPU
		{955715BA-D6FD-4907-93FE-79D827DDE499}.Debug|Any CPU.Build.0 = Debug|Any CPU
		{955715BA-D6FD-4907-93FE-79D827DDE499}.Release|Any CPU.ActiveCfg = Release|Any CPU
		{955715BA-D6FD-4907-93FE-79D827DDE499}.Release|Any CPU.Build.0 = Release|Any CPU
	EndGlobalSection
	GlobalSection(SolutionProperties) = preSolution
		HideSolutionNode = FALSE
	EndGlobalSection
EndGlobal
